// !$*UTF8*$!
{
	archiveVersion = 1;
	classes = {
	};
	objectVersion = 46;
	objects = {

/* Begin PBXBuildFile section */
		CE0CF5531EB7758400B6BC36 /* TestComponent.swift in Sources */ = {isa = PBXBuildFile; fileRef = CE0CF5521EB7758400B6BC36 /* TestComponent.swift */; };
		CE0CF5551EB786C600B6BC36 /* UIControlStyle.swift in Sources */ = {isa = PBXBuildFile; fileRef = CE0CF5541EB786C600B6BC36 /* UIControlStyle.swift */; };
		CE0CF5571EB78A8900B6BC36 /* TestUIControlStyle.swift in Sources */ = {isa = PBXBuildFile; fileRef = CE0CF5561EB78A8900B6BC36 /* TestUIControlStyle.swift */; };
		CE2B0CC51ECC73CC0003647D /* ComponentProtocols.swift in Sources */ = {isa = PBXBuildFile; fileRef = CE2B0CC41ECC73CC0003647D /* ComponentProtocols.swift */; };
		CE2D6A001EC33EE300CA62D0 /* TestCALayerBorderStyle.swift in Sources */ = {isa = PBXBuildFile; fileRef = CE2D69FF1EC33EE300CA62D0 /* TestCALayerBorderStyle.swift */; };
		CE37165E1EBA235600590480 /* UIImageViewStyle.swift in Sources */ = {isa = PBXBuildFile; fileRef = CE37165D1EBA235600590480 /* UIImageViewStyle.swift */; };
		CE469E311EC8B620009C256F /* UISliderStyle.swift in Sources */ = {isa = PBXBuildFile; fileRef = CE469E301EC8B620009C256F /* UISliderStyle.swift */; };
		CE469E331EC9A006009C256F /* TestUISliderStyle.swift in Sources */ = {isa = PBXBuildFile; fileRef = CE469E321EC9A006009C256F /* TestUISliderStyle.swift */; };
		CE469E351EC9B2BC009C256F /* ActivityIndicatorViewStyle.swift in Sources */ = {isa = PBXBuildFile; fileRef = CE469E341EC9B2BC009C256F /* ActivityIndicatorViewStyle.swift */; };
		CE469E371EC9B42E009C256F /* TestActivityIndicatorViewStyle.swift in Sources */ = {isa = PBXBuildFile; fileRef = CE469E361EC9B42E009C256F /* TestActivityIndicatorViewStyle.swift */; };
		CE469E391EC9DF98009C256F /* UISwitchStyle.swift in Sources */ = {isa = PBXBuildFile; fileRef = CE469E381EC9DF98009C256F /* UISwitchStyle.swift */; };
		CE469E3B1EC9E268009C256F /* TestUISwitchStyle.swift in Sources */ = {isa = PBXBuildFile; fileRef = CE469E3A1EC9E268009C256F /* TestUISwitchStyle.swift */; };
		CE5329AC1EC4A5AE0000E9AB /* HashableExtensions.swift in Sources */ = {isa = PBXBuildFile; fileRef = CE5329AB1EC4A5AE0000E9AB /* HashableExtensions.swift */; };
		CE5329B01EC4A7D70000E9AB /* TestHashableExtensions.swift in Sources */ = {isa = PBXBuildFile; fileRef = CE5329AF1EC4A7D70000E9AB /* TestHashableExtensions.swift */; };
		CE5329B21EC5AE320000E9AB /* UIIScrollViewStyle.swift in Sources */ = {isa = PBXBuildFile; fileRef = CE5329B11EC5AE320000E9AB /* UIIScrollViewStyle.swift */; };
		CE5329B41EC5B2EB0000E9AB /* TestUIScrollViewStyle.swift in Sources */ = {isa = PBXBuildFile; fileRef = CE5329B31EC5B2EB0000E9AB /* TestUIScrollViewStyle.swift */; };
		CE5329B61EC5C3B60000E9AB /* TableViewStyle.swift in Sources */ = {isa = PBXBuildFile; fileRef = CE5329B51EC5C3B60000E9AB /* TableViewStyle.swift */; };
		CE5329B81EC5CFCD0000E9AB /* TestTableViewStyle.swift in Sources */ = {isa = PBXBuildFile; fileRef = CE5329B71EC5CFCD0000E9AB /* TestTableViewStyle.swift */; };
		CE5329BA1EC5DA5F0000E9AB /* TableViewCellStyle.swift in Sources */ = {isa = PBXBuildFile; fileRef = CE5329B91EC5DA5F0000E9AB /* TableViewCellStyle.swift */; };
		CE5779261EC5DF8700BE5F52 /* TestTableViewCellStyle.swift in Sources */ = {isa = PBXBuildFile; fileRef = CE5779251EC5DF8700BE5F52 /* TestTableViewCellStyle.swift */; };
		CE5779281EC5F05D00BE5F52 /* UICollectionViewStyle.swift in Sources */ = {isa = PBXBuildFile; fileRef = CE5779271EC5F05D00BE5F52 /* UICollectionViewStyle.swift */; };
		CE57792A1EC5F20E00BE5F52 /* TestUICollectionViewStyle.swift in Sources */ = {isa = PBXBuildFile; fileRef = CE5779291EC5F20E00BE5F52 /* TestUICollectionViewStyle.swift */; };
		CE5EDCAC1EF2D2F700B1DF9B /* NSLayoutContraintStyle.swift in Sources */ = {isa = PBXBuildFile; fileRef = CE5EDCAB1EF2D2F700B1DF9B /* NSLayoutContraintStyle.swift */; };
		CE5EDCAE1EF2D51B00B1DF9B /* TestNSLayoutConstraintStyle.swift in Sources */ = {isa = PBXBuildFile; fileRef = CE5EDCAD1EF2D51B00B1DF9B /* TestNSLayoutConstraintStyle.swift */; };
		CE6735491EB677D400BBD2FE /* UILabelStyle.swift in Sources */ = {isa = PBXBuildFile; fileRef = CE6735481EB677D400BBD2FE /* UILabelStyle.swift */; };
		CE67354D1EB7295000BBD2FE /* TestUILabelStyle.swift in Sources */ = {isa = PBXBuildFile; fileRef = CE67354C1EB7295000BBD2FE /* TestUILabelStyle.swift */; };
		CE77FA9D1EEC89BC003A3FD6 /* AnyStyle.swift in Sources */ = {isa = PBXBuildFile; fileRef = CE77FA9C1EEC89BC003A3FD6 /* AnyStyle.swift */; };
		CE77FA9F1EED4758003A3FD6 /* TestComponentPerformance.swift in Sources */ = {isa = PBXBuildFile; fileRef = CE77FA9E1EED4758003A3FD6 /* TestComponentPerformance.swift */; };
		CEA374E71EB88DC800DA55C5 /* TestUIButtonStyle.swift in Sources */ = {isa = PBXBuildFile; fileRef = CEA374E61EB88DC800DA55C5 /* TestUIButtonStyle.swift */; };
		CECED85F1EBB1BBE00FF8B36 /* TestUIImageViewStyle.swift in Sources */ = {isa = PBXBuildFile; fileRef = CECED85E1EBB1BBE00FF8B36 /* TestUIImageViewStyle.swift */; };
		CECED8621EBB490000FF8B36 /* CALayerStyle.swift in Sources */ = {isa = PBXBuildFile; fileRef = CECED8611EBB490000FF8B36 /* CALayerStyle.swift */; };
		CECED8641EBB4C2600FF8B36 /* TestCALayerStyle.swift in Sources */ = {isa = PBXBuildFile; fileRef = CECED8631EBB4C2600FF8B36 /* TestCALayerStyle.swift */; };
		CED662FD1EEEADBA006A13C4 /* Style.swift in Sources */ = {isa = PBXBuildFile; fileRef = CED662FC1EEEADBA006A13C4 /* Style.swift */; };
		CED663051EEF3353006A13C4 /* Optionable.swift in Sources */ = {isa = PBXBuildFile; fileRef = CED663041EEF3353006A13C4 /* Optionable.swift */; };
		CED6631F1EF00742006A13C4 /* TestStyle.swift in Sources */ = {isa = PBXBuildFile; fileRef = CED6631E1EF00742006A13C4 /* TestStyle.swift */; };
		CEE5DA7A1EC212E50022D6F1 /* CALayerShadowStyle.swift in Sources */ = {isa = PBXBuildFile; fileRef = CEE5DA791EC212E50022D6F1 /* CALayerShadowStyle.swift */; };
		CEE5DA7C1EC2153C0022D6F1 /* TestCALayerShadowStyle.swift in Sources */ = {isa = PBXBuildFile; fileRef = CEE5DA7B1EC2153C0022D6F1 /* TestCALayerShadowStyle.swift */; };
		CEE5DA7E1EC219620022D6F1 /* CALayerBorderStyle.swift in Sources */ = {isa = PBXBuildFile; fileRef = CEE5DA7D1EC219620022D6F1 /* CALayerBorderStyle.swift */; };
		CEF534D71EB0C182001E3CA8 /* ViewComponents.framework in Frameworks */ = {isa = PBXBuildFile; fileRef = CEF534CD1EB0C182001E3CA8 /* ViewComponents.framework */; };
		CEF534DE1EB0C182001E3CA8 /* ViewComponents.h in Headers */ = {isa = PBXBuildFile; fileRef = CEF534D01EB0C182001E3CA8 /* ViewComponents.h */; settings = {ATTRIBUTES = (Public, ); }; };
		CEF534E81EB0C18B001E3CA8 /* Component.swift in Sources */ = {isa = PBXBuildFile; fileRef = CEF534E71EB0C18B001E3CA8 /* Component.swift */; };
		CEF534F11EB0C2DD001E3CA8 /* UIViewStyle.swift in Sources */ = {isa = PBXBuildFile; fileRef = CEF534F01EB0C2DD001E3CA8 /* UIViewStyle.swift */; };
		CEF534F31EB0C382001E3CA8 /* UIButtonStyle.swift in Sources */ = {isa = PBXBuildFile; fileRef = CEF534F21EB0C382001E3CA8 /* UIButtonStyle.swift */; };
		CEF534F71EB0ECAD001E3CA8 /* TestUIViewStyle.swift in Sources */ = {isa = PBXBuildFile; fileRef = CEF534F61EB0ECAD001E3CA8 /* TestUIViewStyle.swift */; };
		CEF7DCDC1EC8A64500190D5C /* TestProgressViewStyle.swift in Sources */ = {isa = PBXBuildFile; fileRef = CEF7DCDB1EC8A64500190D5C /* TestProgressViewStyle.swift */; };
		CEFE1A251EC70BF600E077E0 /* ChildComponent.swift in Sources */ = {isa = PBXBuildFile; fileRef = CEFE1A241EC70BF600E077E0 /* ChildComponent.swift */; };
		CEFE1A271EC7998A00E077E0 /* UITextFieldStyle.swift in Sources */ = {isa = PBXBuildFile; fileRef = CEFE1A261EC7998A00E077E0 /* UITextFieldStyle.swift */; };
		CEFE1A291EC79E0400E077E0 /* TestUITextFieldStyle.swift in Sources */ = {isa = PBXBuildFile; fileRef = CEFE1A281EC79E0400E077E0 /* TestUITextFieldStyle.swift */; };
		CEFE1A2B1EC7B5B300E077E0 /* UITextViewStyle.swift in Sources */ = {isa = PBXBuildFile; fileRef = CEFE1A2A1EC7B5B300E077E0 /* UITextViewStyle.swift */; };
		CEFE1A2D1EC7BC2400E077E0 /* TestUITextViewStyle.swift in Sources */ = {isa = PBXBuildFile; fileRef = CEFE1A2C1EC7BC2400E077E0 /* TestUITextViewStyle.swift */; };
		CEFE1A2F1EC8A2C900E077E0 /* ProgressViewStyle.swift in Sources */ = {isa = PBXBuildFile; fileRef = CEFE1A2E1EC8A2C900E077E0 /* ProgressViewStyle.swift */; };
/* End PBXBuildFile section */

/* Begin PBXContainerItemProxy section */
		CEF534D81EB0C182001E3CA8 /* PBXContainerItemProxy */ = {
			isa = PBXContainerItemProxy;
			containerPortal = CEF534C41EB0C182001E3CA8 /* Project object */;
			proxyType = 1;
			remoteGlobalIDString = CEF534CC1EB0C182001E3CA8;
			remoteInfo = ViewComponents;
		};
/* End PBXContainerItemProxy section */

/* Begin PBXFileReference section */
		CE0CF5521EB7758400B6BC36 /* TestComponent.swift */ = {isa = PBXFileReference; fileEncoding = 4; lastKnownFileType = sourcecode.swift; path = TestComponent.swift; sourceTree = "<group>"; };
		CE0CF5541EB786C600B6BC36 /* UIControlStyle.swift */ = {isa = PBXFileReference; fileEncoding = 4; lastKnownFileType = sourcecode.swift; path = UIControlStyle.swift; sourceTree = "<group>"; };
		CE0CF5561EB78A8900B6BC36 /* TestUIControlStyle.swift */ = {isa = PBXFileReference; fileEncoding = 4; lastKnownFileType = sourcecode.swift; path = TestUIControlStyle.swift; sourceTree = "<group>"; };
		CE2B0CC41ECC73CC0003647D /* ComponentProtocols.swift */ = {isa = PBXFileReference; fileEncoding = 4; lastKnownFileType = sourcecode.swift; path = ComponentProtocols.swift; sourceTree = "<group>"; };
		CE2D69FF1EC33EE300CA62D0 /* TestCALayerBorderStyle.swift */ = {isa = PBXFileReference; fileEncoding = 4; lastKnownFileType = sourcecode.swift; path = TestCALayerBorderStyle.swift; sourceTree = "<group>"; };
		CE37165D1EBA235600590480 /* UIImageViewStyle.swift */ = {isa = PBXFileReference; fileEncoding = 4; lastKnownFileType = sourcecode.swift; path = UIImageViewStyle.swift; sourceTree = "<group>"; };
		CE469E301EC8B620009C256F /* UISliderStyle.swift */ = {isa = PBXFileReference; fileEncoding = 4; lastKnownFileType = sourcecode.swift; path = UISliderStyle.swift; sourceTree = "<group>"; };
		CE469E321EC9A006009C256F /* TestUISliderStyle.swift */ = {isa = PBXFileReference; fileEncoding = 4; lastKnownFileType = sourcecode.swift; path = TestUISliderStyle.swift; sourceTree = "<group>"; };
		CE469E341EC9B2BC009C256F /* ActivityIndicatorViewStyle.swift */ = {isa = PBXFileReference; fileEncoding = 4; lastKnownFileType = sourcecode.swift; path = ActivityIndicatorViewStyle.swift; sourceTree = "<group>"; };
		CE469E361EC9B42E009C256F /* TestActivityIndicatorViewStyle.swift */ = {isa = PBXFileReference; fileEncoding = 4; lastKnownFileType = sourcecode.swift; path = TestActivityIndicatorViewStyle.swift; sourceTree = "<group>"; };
		CE469E381EC9DF98009C256F /* UISwitchStyle.swift */ = {isa = PBXFileReference; fileEncoding = 4; lastKnownFileType = sourcecode.swift; path = UISwitchStyle.swift; sourceTree = "<group>"; };
		CE469E3A1EC9E268009C256F /* TestUISwitchStyle.swift */ = {isa = PBXFileReference; fileEncoding = 4; lastKnownFileType = sourcecode.swift; path = TestUISwitchStyle.swift; sourceTree = "<group>"; };
		CE5329AB1EC4A5AE0000E9AB /* HashableExtensions.swift */ = {isa = PBXFileReference; fileEncoding = 4; lastKnownFileType = sourcecode.swift; path = HashableExtensions.swift; sourceTree = "<group>"; };
		CE5329AF1EC4A7D70000E9AB /* TestHashableExtensions.swift */ = {isa = PBXFileReference; fileEncoding = 4; lastKnownFileType = sourcecode.swift; path = TestHashableExtensions.swift; sourceTree = "<group>"; };
		CE5329B11EC5AE320000E9AB /* UIIScrollViewStyle.swift */ = {isa = PBXFileReference; fileEncoding = 4; lastKnownFileType = sourcecode.swift; path = UIIScrollViewStyle.swift; sourceTree = "<group>"; };
		CE5329B31EC5B2EB0000E9AB /* TestUIScrollViewStyle.swift */ = {isa = PBXFileReference; fileEncoding = 4; lastKnownFileType = sourcecode.swift; path = TestUIScrollViewStyle.swift; sourceTree = "<group>"; };
		CE5329B51EC5C3B60000E9AB /* TableViewStyle.swift */ = {isa = PBXFileReference; fileEncoding = 4; lastKnownFileType = sourcecode.swift; path = TableViewStyle.swift; sourceTree = "<group>"; };
		CE5329B71EC5CFCD0000E9AB /* TestTableViewStyle.swift */ = {isa = PBXFileReference; fileEncoding = 4; lastKnownFileType = sourcecode.swift; path = TestTableViewStyle.swift; sourceTree = "<group>"; };
		CE5329B91EC5DA5F0000E9AB /* TableViewCellStyle.swift */ = {isa = PBXFileReference; fileEncoding = 4; lastKnownFileType = sourcecode.swift; path = TableViewCellStyle.swift; sourceTree = "<group>"; };
		CE5779251EC5DF8700BE5F52 /* TestTableViewCellStyle.swift */ = {isa = PBXFileReference; fileEncoding = 4; lastKnownFileType = sourcecode.swift; path = TestTableViewCellStyle.swift; sourceTree = "<group>"; };
		CE5779271EC5F05D00BE5F52 /* UICollectionViewStyle.swift */ = {isa = PBXFileReference; fileEncoding = 4; lastKnownFileType = sourcecode.swift; path = UICollectionViewStyle.swift; sourceTree = "<group>"; };
		CE5779291EC5F20E00BE5F52 /* TestUICollectionViewStyle.swift */ = {isa = PBXFileReference; fileEncoding = 4; lastKnownFileType = sourcecode.swift; path = TestUICollectionViewStyle.swift; sourceTree = "<group>"; };
		CE5EDCAB1EF2D2F700B1DF9B /* NSLayoutContraintStyle.swift */ = {isa = PBXFileReference; fileEncoding = 4; lastKnownFileType = sourcecode.swift; path = NSLayoutContraintStyle.swift; sourceTree = "<group>"; };
		CE5EDCAD1EF2D51B00B1DF9B /* TestNSLayoutConstraintStyle.swift */ = {isa = PBXFileReference; fileEncoding = 4; lastKnownFileType = sourcecode.swift; path = TestNSLayoutConstraintStyle.swift; sourceTree = "<group>"; };
		CE6735481EB677D400BBD2FE /* UILabelStyle.swift */ = {isa = PBXFileReference; fileEncoding = 4; lastKnownFileType = sourcecode.swift; path = UILabelStyle.swift; sourceTree = "<group>"; };
		CE67354C1EB7295000BBD2FE /* TestUILabelStyle.swift */ = {isa = PBXFileReference; fileEncoding = 4; lastKnownFileType = sourcecode.swift; path = TestUILabelStyle.swift; sourceTree = "<group>"; };
		CE77FA9C1EEC89BC003A3FD6 /* AnyStyle.swift */ = {isa = PBXFileReference; fileEncoding = 4; lastKnownFileType = sourcecode.swift; path = AnyStyle.swift; sourceTree = "<group>"; };
		CE77FA9E1EED4758003A3FD6 /* TestComponentPerformance.swift */ = {isa = PBXFileReference; fileEncoding = 4; lastKnownFileType = sourcecode.swift; path = TestComponentPerformance.swift; sourceTree = "<group>"; };
		CEA374E61EB88DC800DA55C5 /* TestUIButtonStyle.swift */ = {isa = PBXFileReference; fileEncoding = 4; lastKnownFileType = sourcecode.swift; path = TestUIButtonStyle.swift; sourceTree = "<group>"; };
		CECED85E1EBB1BBE00FF8B36 /* TestUIImageViewStyle.swift */ = {isa = PBXFileReference; fileEncoding = 4; lastKnownFileType = sourcecode.swift; path = TestUIImageViewStyle.swift; sourceTree = "<group>"; };
		CECED8611EBB490000FF8B36 /* CALayerStyle.swift */ = {isa = PBXFileReference; fileEncoding = 4; lastKnownFileType = sourcecode.swift; path = CALayerStyle.swift; sourceTree = "<group>"; };
		CECED8631EBB4C2600FF8B36 /* TestCALayerStyle.swift */ = {isa = PBXFileReference; fileEncoding = 4; lastKnownFileType = sourcecode.swift; path = TestCALayerStyle.swift; sourceTree = "<group>"; };
		CED662FC1EEEADBA006A13C4 /* Style.swift */ = {isa = PBXFileReference; fileEncoding = 4; lastKnownFileType = sourcecode.swift; path = Style.swift; sourceTree = "<group>"; };
		CED663041EEF3353006A13C4 /* Optionable.swift */ = {isa = PBXFileReference; fileEncoding = 4; lastKnownFileType = sourcecode.swift; path = Optionable.swift; sourceTree = "<group>"; };
		CED6631E1EF00742006A13C4 /* TestStyle.swift */ = {isa = PBXFileReference; fileEncoding = 4; lastKnownFileType = sourcecode.swift; path = TestStyle.swift; sourceTree = "<group>"; };
		CEE5DA791EC212E50022D6F1 /* CALayerShadowStyle.swift */ = {isa = PBXFileReference; fileEncoding = 4; lastKnownFileType = sourcecode.swift; path = CALayerShadowStyle.swift; sourceTree = "<group>"; };
		CEE5DA7B1EC2153C0022D6F1 /* TestCALayerShadowStyle.swift */ = {isa = PBXFileReference; fileEncoding = 4; lastKnownFileType = sourcecode.swift; path = TestCALayerShadowStyle.swift; sourceTree = "<group>"; };
		CEE5DA7D1EC219620022D6F1 /* CALayerBorderStyle.swift */ = {isa = PBXFileReference; fileEncoding = 4; lastKnownFileType = sourcecode.swift; path = CALayerBorderStyle.swift; sourceTree = "<group>"; };
		CEF534CD1EB0C182001E3CA8 /* ViewComponents.framework */ = {isa = PBXFileReference; explicitFileType = wrapper.framework; includeInIndex = 0; path = ViewComponents.framework; sourceTree = BUILT_PRODUCTS_DIR; };
		CEF534D01EB0C182001E3CA8 /* ViewComponents.h */ = {isa = PBXFileReference; lastKnownFileType = sourcecode.c.h; path = ViewComponents.h; sourceTree = "<group>"; };
		CEF534D11EB0C182001E3CA8 /* Info.plist */ = {isa = PBXFileReference; lastKnownFileType = text.plist.xml; path = Info.plist; sourceTree = "<group>"; };
		CEF534D61EB0C182001E3CA8 /* ViewComponentsTests.xctest */ = {isa = PBXFileReference; explicitFileType = wrapper.cfbundle; includeInIndex = 0; path = ViewComponentsTests.xctest; sourceTree = BUILT_PRODUCTS_DIR; };
		CEF534DD1EB0C182001E3CA8 /* Info.plist */ = {isa = PBXFileReference; lastKnownFileType = text.plist.xml; path = Info.plist; sourceTree = "<group>"; };
		CEF534E71EB0C18B001E3CA8 /* Component.swift */ = {isa = PBXFileReference; fileEncoding = 4; lastKnownFileType = sourcecode.swift; path = Component.swift; sourceTree = "<group>"; };
		CEF534F01EB0C2DD001E3CA8 /* UIViewStyle.swift */ = {isa = PBXFileReference; fileEncoding = 4; lastKnownFileType = sourcecode.swift; path = UIViewStyle.swift; sourceTree = "<group>"; };
		CEF534F21EB0C382001E3CA8 /* UIButtonStyle.swift */ = {isa = PBXFileReference; fileEncoding = 4; lastKnownFileType = sourcecode.swift; path = UIButtonStyle.swift; sourceTree = "<group>"; };
		CEF534F61EB0ECAD001E3CA8 /* TestUIViewStyle.swift */ = {isa = PBXFileReference; fileEncoding = 4; lastKnownFileType = sourcecode.swift; path = TestUIViewStyle.swift; sourceTree = "<group>"; };
		CEF7DCDB1EC8A64500190D5C /* TestProgressViewStyle.swift */ = {isa = PBXFileReference; fileEncoding = 4; lastKnownFileType = sourcecode.swift; path = TestProgressViewStyle.swift; sourceTree = "<group>"; };
		CEFE1A241EC70BF600E077E0 /* ChildComponent.swift */ = {isa = PBXFileReference; fileEncoding = 4; lastKnownFileType = sourcecode.swift; path = ChildComponent.swift; sourceTree = "<group>"; };
		CEFE1A261EC7998A00E077E0 /* UITextFieldStyle.swift */ = {isa = PBXFileReference; fileEncoding = 4; lastKnownFileType = sourcecode.swift; path = UITextFieldStyle.swift; sourceTree = "<group>"; };
		CEFE1A281EC79E0400E077E0 /* TestUITextFieldStyle.swift */ = {isa = PBXFileReference; fileEncoding = 4; lastKnownFileType = sourcecode.swift; path = TestUITextFieldStyle.swift; sourceTree = "<group>"; };
		CEFE1A2A1EC7B5B300E077E0 /* UITextViewStyle.swift */ = {isa = PBXFileReference; fileEncoding = 4; lastKnownFileType = sourcecode.swift; path = UITextViewStyle.swift; sourceTree = "<group>"; };
		CEFE1A2C1EC7BC2400E077E0 /* TestUITextViewStyle.swift */ = {isa = PBXFileReference; fileEncoding = 4; lastKnownFileType = sourcecode.swift; path = TestUITextViewStyle.swift; sourceTree = "<group>"; };
		CEFE1A2E1EC8A2C900E077E0 /* ProgressViewStyle.swift */ = {isa = PBXFileReference; fileEncoding = 4; lastKnownFileType = sourcecode.swift; path = ProgressViewStyle.swift; sourceTree = "<group>"; };
/* End PBXFileReference section */

/* Begin PBXFrameworksBuildPhase section */
		CEF534C91EB0C182001E3CA8 /* Frameworks */ = {
			isa = PBXFrameworksBuildPhase;
			buildActionMask = 2147483647;
			files = (
			);
			runOnlyForDeploymentPostprocessing = 0;
		};
		CEF534D31EB0C182001E3CA8 /* Frameworks */ = {
			isa = PBXFrameworksBuildPhase;
			buildActionMask = 2147483647;
			files = (
				CEF534D71EB0C182001E3CA8 /* ViewComponents.framework in Frameworks */,
			);
			runOnlyForDeploymentPostprocessing = 0;
		};
/* End PBXFrameworksBuildPhase section */

/* Begin PBXGroup section */
		CE5329AA1EC4A5920000E9AB /* Extensions */ = {
			isa = PBXGroup;
			children = (
				CE5329AB1EC4A5AE0000E9AB /* HashableExtensions.swift */,
				CED663041EEF3353006A13C4 /* Optionable.swift */,
			);
			name = Extensions;
			sourceTree = "<group>";
		};
		CEF534C31EB0C182001E3CA8 = {
			isa = PBXGroup;
			children = (
				CEF534CF1EB0C182001E3CA8 /* ViewComponents */,
				CEF534DA1EB0C182001E3CA8 /* ViewComponentsTests */,
				CEF534CE1EB0C182001E3CA8 /* Products */,
			);
			sourceTree = "<group>";
		};
		CEF534CE1EB0C182001E3CA8 /* Products */ = {
			isa = PBXGroup;
			children = (
				CEF534CD1EB0C182001E3CA8 /* ViewComponents.framework */,
				CEF534D61EB0C182001E3CA8 /* ViewComponentsTests.xctest */,
			);
			name = Products;
			sourceTree = "<group>";
		};
		CEF534CF1EB0C182001E3CA8 /* ViewComponents */ = {
			isa = PBXGroup;
			children = (
				CEF534D01EB0C182001E3CA8 /* ViewComponents.h */,
				CE2B0CC41ECC73CC0003647D /* ComponentProtocols.swift */,
				CEF534E71EB0C18B001E3CA8 /* Component.swift */,
				CEFE1A241EC70BF600E077E0 /* ChildComponent.swift */,
				CE77FA9C1EEC89BC003A3FD6 /* AnyStyle.swift */,
				CED662FC1EEEADBA006A13C4 /* Style.swift */,
				CEF534EF1EB0C2D1001E3CA8 /* Styles */,
				CE5329AA1EC4A5920000E9AB /* Extensions */,
				CEF534D11EB0C182001E3CA8 /* Info.plist */,
			);
			path = ViewComponents;
			sourceTree = "<group>";
		};
		CEF534DA1EB0C182001E3CA8 /* ViewComponentsTests */ = {
			isa = PBXGroup;
			children = (
				CE0CF5521EB7758400B6BC36 /* TestComponent.swift */,
				CE77FA9E1EED4758003A3FD6 /* TestComponentPerformance.swift */,
				CED6631E1EF00742006A13C4 /* TestStyle.swift */,
				CECED8631EBB4C2600FF8B36 /* TestCALayerStyle.swift */,
				CEE5DA7B1EC2153C0022D6F1 /* TestCALayerShadowStyle.swift */,
				CE2D69FF1EC33EE300CA62D0 /* TestCALayerBorderStyle.swift */,
				CEF534F61EB0ECAD001E3CA8 /* TestUIViewStyle.swift */,
				CE67354C1EB7295000BBD2FE /* TestUILabelStyle.swift */,
				CE0CF5561EB78A8900B6BC36 /* TestUIControlStyle.swift */,
				CEA374E61EB88DC800DA55C5 /* TestUIButtonStyle.swift */,
				CECED85E1EBB1BBE00FF8B36 /* TestUIImageViewStyle.swift */,
				CE5329B31EC5B2EB0000E9AB /* TestUIScrollViewStyle.swift */,
				CE5329B71EC5CFCD0000E9AB /* TestTableViewStyle.swift */,
				CE5779251EC5DF8700BE5F52 /* TestTableViewCellStyle.swift */,
				CE5779291EC5F20E00BE5F52 /* TestUICollectionViewStyle.swift */,
				CEFE1A281EC79E0400E077E0 /* TestUITextFieldStyle.swift */,
				CEFE1A2C1EC7BC2400E077E0 /* TestUITextViewStyle.swift */,
				CEF7DCDB1EC8A64500190D5C /* TestProgressViewStyle.swift */,
				CE469E321EC9A006009C256F /* TestUISliderStyle.swift */,
				CE469E361EC9B42E009C256F /* TestActivityIndicatorViewStyle.swift */,
				CE469E3A1EC9E268009C256F /* TestUISwitchStyle.swift */,
				CE5EDCAD1EF2D51B00B1DF9B /* TestNSLayoutConstraintStyle.swift */,
				CE5329AF1EC4A7D70000E9AB /* TestHashableExtensions.swift */,
				CEF534DD1EB0C182001E3CA8 /* Info.plist */,
			);
			path = ViewComponentsTests;
			sourceTree = "<group>";
		};
		CEF534EF1EB0C2D1001E3CA8 /* Styles */ = {
			isa = PBXGroup;
			children = (
				CECED8611EBB490000FF8B36 /* CALayerStyle.swift */,
				CEE5DA791EC212E50022D6F1 /* CALayerShadowStyle.swift */,
				CEE5DA7D1EC219620022D6F1 /* CALayerBorderStyle.swift */,
				CEF534F01EB0C2DD001E3CA8 /* UIViewStyle.swift */,
				CE6735481EB677D400BBD2FE /* UILabelStyle.swift */,
				CE0CF5541EB786C600B6BC36 /* UIControlStyle.swift */,
				CEF534F21EB0C382001E3CA8 /* UIButtonStyle.swift */,
				CE37165D1EBA235600590480 /* UIImageViewStyle.swift */,
				CE5329B11EC5AE320000E9AB /* UIIScrollViewStyle.swift */,
				CE5329B51EC5C3B60000E9AB /* TableViewStyle.swift */,
				CE5329B91EC5DA5F0000E9AB /* TableViewCellStyle.swift */,
				CE5779271EC5F05D00BE5F52 /* UICollectionViewStyle.swift */,
				CEFE1A261EC7998A00E077E0 /* UITextFieldStyle.swift */,
				CEFE1A2A1EC7B5B300E077E0 /* UITextViewStyle.swift */,
				CEFE1A2E1EC8A2C900E077E0 /* ProgressViewStyle.swift */,
				CE469E301EC8B620009C256F /* UISliderStyle.swift */,
				CE469E341EC9B2BC009C256F /* ActivityIndicatorViewStyle.swift */,
				CE469E381EC9DF98009C256F /* UISwitchStyle.swift */,
				CE5EDCAB1EF2D2F700B1DF9B /* NSLayoutContraintStyle.swift */,
			);
			name = Styles;
			sourceTree = "<group>";
		};
/* End PBXGroup section */

/* Begin PBXHeadersBuildPhase section */
		CEF534CA1EB0C182001E3CA8 /* Headers */ = {
			isa = PBXHeadersBuildPhase;
			buildActionMask = 2147483647;
			files = (
				CEF534DE1EB0C182001E3CA8 /* ViewComponents.h in Headers */,
			);
			runOnlyForDeploymentPostprocessing = 0;
		};
/* End PBXHeadersBuildPhase section */

/* Begin PBXNativeTarget section */
		CEF534CC1EB0C182001E3CA8 /* ViewComponents */ = {
			isa = PBXNativeTarget;
			buildConfigurationList = CEF534E11EB0C182001E3CA8 /* Build configuration list for PBXNativeTarget "ViewComponents" */;
			buildPhases = (
				CEF534C81EB0C182001E3CA8 /* Sources */,
				CEF534C91EB0C182001E3CA8 /* Frameworks */,
				CEF534CA1EB0C182001E3CA8 /* Headers */,
				CEF534CB1EB0C182001E3CA8 /* Resources */,
			);
			buildRules = (
			);
			dependencies = (
			);
			name = ViewComponents;
			productName = ViewComponents;
			productReference = CEF534CD1EB0C182001E3CA8 /* ViewComponents.framework */;
			productType = "com.apple.product-type.framework";
		};
		CEF534D51EB0C182001E3CA8 /* ViewComponentsTests */ = {
			isa = PBXNativeTarget;
			buildConfigurationList = CEF534E41EB0C182001E3CA8 /* Build configuration list for PBXNativeTarget "ViewComponentsTests" */;
			buildPhases = (
				CEF534D21EB0C182001E3CA8 /* Sources */,
				CEF534D31EB0C182001E3CA8 /* Frameworks */,
				CEF534D41EB0C182001E3CA8 /* Resources */,
			);
			buildRules = (
			);
			dependencies = (
				CEF534D91EB0C182001E3CA8 /* PBXTargetDependency */,
			);
			name = ViewComponentsTests;
			productName = ViewComponentsTests;
			productReference = CEF534D61EB0C182001E3CA8 /* ViewComponentsTests.xctest */;
			productType = "com.apple.product-type.bundle.unit-test";
		};
/* End PBXNativeTarget section */

/* Begin PBXProject section */
		CEF534C41EB0C182001E3CA8 /* Project object */ = {
			isa = PBXProject;
			attributes = {
				LastSwiftUpdateCheck = 0830;
				LastUpgradeCheck = 0900;
				ORGANIZATIONNAME = WeAreReasonablePeople;
				TargetAttributes = {
					CEF534CC1EB0C182001E3CA8 = {
						CreatedOnToolsVersion = 8.3.2;
						DevelopmentTeam = 7H6SM4X3H7;
						LastSwiftMigration = 0900;
						ProvisioningStyle = Automatic;
					};
					CEF534D51EB0C182001E3CA8 = {
						CreatedOnToolsVersion = 8.3.2;
						DevelopmentTeam = 7H6SM4X3H7;
						LastSwiftMigration = 0900;
						ProvisioningStyle = Automatic;
					};
				};
			};
			buildConfigurationList = CEF534C71EB0C182001E3CA8 /* Build configuration list for PBXProject "ViewComponents" */;
			compatibilityVersion = "Xcode 3.2";
			developmentRegion = English;
			hasScannedForEncodings = 0;
			knownRegions = (
				en,
			);
			mainGroup = CEF534C31EB0C182001E3CA8;
			productRefGroup = CEF534CE1EB0C182001E3CA8 /* Products */;
			projectDirPath = "";
			projectRoot = "";
			targets = (
				CEF534CC1EB0C182001E3CA8 /* ViewComponents */,
				CEF534D51EB0C182001E3CA8 /* ViewComponentsTests */,
			);
		};
/* End PBXProject section */

/* Begin PBXResourcesBuildPhase section */
		CEF534CB1EB0C182001E3CA8 /* Resources */ = {
			isa = PBXResourcesBuildPhase;
			buildActionMask = 2147483647;
			files = (
			);
			runOnlyForDeploymentPostprocessing = 0;
		};
		CEF534D41EB0C182001E3CA8 /* Resources */ = {
			isa = PBXResourcesBuildPhase;
			buildActionMask = 2147483647;
			files = (
			);
			runOnlyForDeploymentPostprocessing = 0;
		};
/* End PBXResourcesBuildPhase section */

/* Begin PBXSourcesBuildPhase section */
		CEF534C81EB0C182001E3CA8 /* Sources */ = {
			isa = PBXSourcesBuildPhase;
			buildActionMask = 2147483647;
			files = (
				CE5779281EC5F05D00BE5F52 /* UICollectionViewStyle.swift in Sources */,
				CEF534F31EB0C382001E3CA8 /* UIButtonStyle.swift in Sources */,
				CED662FD1EEEADBA006A13C4 /* Style.swift in Sources */,
				CE5329B21EC5AE320000E9AB /* UIIScrollViewStyle.swift in Sources */,
				CE2B0CC51ECC73CC0003647D /* ComponentProtocols.swift in Sources */,
				CEF534E81EB0C18B001E3CA8 /* Component.swift in Sources */,
				CEFE1A2F1EC8A2C900E077E0 /* ProgressViewStyle.swift in Sources */,
				CEFE1A271EC7998A00E077E0 /* UITextFieldStyle.swift in Sources */,
				CE5329AC1EC4A5AE0000E9AB /* HashableExtensions.swift in Sources */,
				CEE5DA7A1EC212E50022D6F1 /* CALayerShadowStyle.swift in Sources */,
				CE469E311EC8B620009C256F /* UISliderStyle.swift in Sources */,
				CE77FA9D1EEC89BC003A3FD6 /* AnyStyle.swift in Sources */,
				CEFE1A251EC70BF600E077E0 /* ChildComponent.swift in Sources */,
				CE5329BA1EC5DA5F0000E9AB /* TableViewCellStyle.swift in Sources */,
				CE6735491EB677D400BBD2FE /* UILabelStyle.swift in Sources */,
				CE0CF5551EB786C600B6BC36 /* UIControlStyle.swift in Sources */,
				CEF534F11EB0C2DD001E3CA8 /* UIViewStyle.swift in Sources */,
				CE469E351EC9B2BC009C256F /* ActivityIndicatorViewStyle.swift in Sources */,
				CED663051EEF3353006A13C4 /* Optionable.swift in Sources */,
				CE5EDCAC1EF2D2F700B1DF9B /* NSLayoutContraintStyle.swift in Sources */,
				CE469E391EC9DF98009C256F /* UISwitchStyle.swift in Sources */,
				CE5329B61EC5C3B60000E9AB /* TableViewStyle.swift in Sources */,
				CE37165E1EBA235600590480 /* UIImageViewStyle.swift in Sources */,
				CEFE1A2B1EC7B5B300E077E0 /* UITextViewStyle.swift in Sources */,
				CECED8621EBB490000FF8B36 /* CALayerStyle.swift in Sources */,
				CEE5DA7E1EC219620022D6F1 /* CALayerBorderStyle.swift in Sources */,
			);
			runOnlyForDeploymentPostprocessing = 0;
		};
		CEF534D21EB0C182001E3CA8 /* Sources */ = {
			isa = PBXSourcesBuildPhase;
			buildActionMask = 2147483647;
			files = (
				CEF534F71EB0ECAD001E3CA8 /* TestUIViewStyle.swift in Sources */,
				CE2D6A001EC33EE300CA62D0 /* TestCALayerBorderStyle.swift in Sources */,
				CE0CF5531EB7758400B6BC36 /* TestComponent.swift in Sources */,
				CE5EDCAE1EF2D51B00B1DF9B /* TestNSLayoutConstraintStyle.swift in Sources */,
				CE469E3B1EC9E268009C256F /* TestUISwitchStyle.swift in Sources */,
				CE5329B81EC5CFCD0000E9AB /* TestTableViewStyle.swift in Sources */,
				CE5329B41EC5B2EB0000E9AB /* TestUIScrollViewStyle.swift in Sources */,
				CE0CF5571EB78A8900B6BC36 /* TestUIControlStyle.swift in Sources */,
				CE5329B01EC4A7D70000E9AB /* TestHashableExtensions.swift in Sources */,
				CE5779261EC5DF8700BE5F52 /* TestTableViewCellStyle.swift in Sources */,
				CEE5DA7C1EC2153C0022D6F1 /* TestCALayerShadowStyle.swift in Sources */,
				CE469E371EC9B42E009C256F /* TestActivityIndicatorViewStyle.swift in Sources */,
				CECED8641EBB4C2600FF8B36 /* TestCALayerStyle.swift in Sources */,
				CE57792A1EC5F20E00BE5F52 /* TestUICollectionViewStyle.swift in Sources */,
				CE77FA9F1EED4758003A3FD6 /* TestComponentPerformance.swift in Sources */,
				CEFE1A2D1EC7BC2400E077E0 /* TestUITextViewStyle.swift in Sources */,
				CEA374E71EB88DC800DA55C5 /* TestUIButtonStyle.swift in Sources */,
				CE67354D1EB7295000BBD2FE /* TestUILabelStyle.swift in Sources */,
				CEFE1A291EC79E0400E077E0 /* TestUITextFieldStyle.swift in Sources */,
				CE469E331EC9A006009C256F /* TestUISliderStyle.swift in Sources */,
				CED6631F1EF00742006A13C4 /* TestStyle.swift in Sources */,
				CECED85F1EBB1BBE00FF8B36 /* TestUIImageViewStyle.swift in Sources */,
				CEF7DCDC1EC8A64500190D5C /* TestProgressViewStyle.swift in Sources */,
			);
			runOnlyForDeploymentPostprocessing = 0;
		};
/* End PBXSourcesBuildPhase section */

/* Begin PBXTargetDependency section */
		CEF534D91EB0C182001E3CA8 /* PBXTargetDependency */ = {
			isa = PBXTargetDependency;
			target = CEF534CC1EB0C182001E3CA8 /* ViewComponents */;
			targetProxy = CEF534D81EB0C182001E3CA8 /* PBXContainerItemProxy */;
		};
/* End PBXTargetDependency section */

/* Begin XCBuildConfiguration section */
		CEF534DF1EB0C182001E3CA8 /* Debug */ = {
			isa = XCBuildConfiguration;
			buildSettings = {
				ALWAYS_SEARCH_USER_PATHS = NO;
				CLANG_ANALYZER_NONNULL = YES;
				CLANG_ANALYZER_NUMBER_OBJECT_CONVERSION = YES_AGGRESSIVE;
				CLANG_CXX_LANGUAGE_STANDARD = "gnu++0x";
				CLANG_CXX_LIBRARY = "libc++";
				CLANG_ENABLE_MODULES = YES;
				CLANG_ENABLE_OBJC_ARC = YES;
				CLANG_WARN_BLOCK_CAPTURE_AUTORELEASING = YES;
				CLANG_WARN_BOOL_CONVERSION = YES;
				CLANG_WARN_COMMA = YES;
				CLANG_WARN_CONSTANT_CONVERSION = YES;
				CLANG_WARN_DIRECT_OBJC_ISA_USAGE = YES_ERROR;
				CLANG_WARN_DOCUMENTATION_COMMENTS = YES;
				CLANG_WARN_EMPTY_BODY = YES;
				CLANG_WARN_ENUM_CONVERSION = YES;
				CLANG_WARN_INFINITE_RECURSION = YES;
				CLANG_WARN_INT_CONVERSION = YES;
				CLANG_WARN_NON_LITERAL_NULL_CONVERSION = YES;
				CLANG_WARN_OBJC_LITERAL_CONVERSION = YES;
				CLANG_WARN_OBJC_ROOT_CLASS = YES_ERROR;
				CLANG_WARN_RANGE_LOOP_ANALYSIS = YES;
				CLANG_WARN_STRICT_PROTOTYPES = YES;
				CLANG_WARN_SUSPICIOUS_MOVE = YES;
				CLANG_WARN_UNREACHABLE_CODE = YES;
				CLANG_WARN__DUPLICATE_METHOD_MATCH = YES;
				"CODE_SIGN_IDENTITY[sdk=iphoneos*]" = "iPhone Developer";
				COPY_PHASE_STRIP = NO;
				CURRENT_PROJECT_VERSION = 1;
				DEBUG_INFORMATION_FORMAT = dwarf;
				ENABLE_STRICT_OBJC_MSGSEND = YES;
				ENABLE_TESTABILITY = YES;
				GCC_C_LANGUAGE_STANDARD = gnu99;
				GCC_DYNAMIC_NO_PIC = NO;
				GCC_NO_COMMON_BLOCKS = YES;
				GCC_OPTIMIZATION_LEVEL = 0;
				GCC_PREPROCESSOR_DEFINITIONS = (
					"DEBUG=1",
					"$(inherited)",
				);
				GCC_WARN_64_TO_32_BIT_CONVERSION = YES;
				GCC_WARN_ABOUT_RETURN_TYPE = YES_ERROR;
				GCC_WARN_UNDECLARED_SELECTOR = YES;
				GCC_WARN_UNINITIALIZED_AUTOS = YES_AGGRESSIVE;
				GCC_WARN_UNUSED_FUNCTION = YES;
				GCC_WARN_UNUSED_VARIABLE = YES;
				IPHONEOS_DEPLOYMENT_TARGET = 10.3;
				MTL_ENABLE_DEBUG_INFO = YES;
				ONLY_ACTIVE_ARCH = YES;
				SDKROOT = iphoneos;
				SWIFT_ACTIVE_COMPILATION_CONDITIONS = DEBUG;
				SWIFT_OPTIMIZATION_LEVEL = "-Onone";
				TARGETED_DEVICE_FAMILY = "1,2";
				VERSIONING_SYSTEM = "apple-generic";
				VERSION_INFO_PREFIX = "";
			};
			name = Debug;
		};
		CEF534E01EB0C182001E3CA8 /* Release */ = {
			isa = XCBuildConfiguration;
			buildSettings = {
				ALWAYS_SEARCH_USER_PATHS = NO;
				CLANG_ANALYZER_NONNULL = YES;
				CLANG_ANALYZER_NUMBER_OBJECT_CONVERSION = YES_AGGRESSIVE;
				CLANG_CXX_LANGUAGE_STANDARD = "gnu++0x";
				CLANG_CXX_LIBRARY = "libc++";
				CLANG_ENABLE_MODULES = YES;
				CLANG_ENABLE_OBJC_ARC = YES;
				CLANG_WARN_BLOCK_CAPTURE_AUTORELEASING = YES;
				CLANG_WARN_BOOL_CONVERSION = YES;
				CLANG_WARN_COMMA = YES;
				CLANG_WARN_CONSTANT_CONVERSION = YES;
				CLANG_WARN_DIRECT_OBJC_ISA_USAGE = YES_ERROR;
				CLANG_WARN_DOCUMENTATION_COMMENTS = YES;
				CLANG_WARN_EMPTY_BODY = YES;
				CLANG_WARN_ENUM_CONVERSION = YES;
				CLANG_WARN_INFINITE_RECURSION = YES;
				CLANG_WARN_INT_CONVERSION = YES;
				CLANG_WARN_NON_LITERAL_NULL_CONVERSION = YES;
				CLANG_WARN_OBJC_LITERAL_CONVERSION = YES;
				CLANG_WARN_OBJC_ROOT_CLASS = YES_ERROR;
				CLANG_WARN_RANGE_LOOP_ANALYSIS = YES;
				CLANG_WARN_STRICT_PROTOTYPES = YES;
				CLANG_WARN_SUSPICIOUS_MOVE = YES;
				CLANG_WARN_UNREACHABLE_CODE = YES;
				CLANG_WARN__DUPLICATE_METHOD_MATCH = YES;
				"CODE_SIGN_IDENTITY[sdk=iphoneos*]" = "iPhone Developer";
				COPY_PHASE_STRIP = NO;
				CURRENT_PROJECT_VERSION = 1;
				DEBUG_INFORMATION_FORMAT = "dwarf-with-dsym";
				ENABLE_NS_ASSERTIONS = NO;
				ENABLE_STRICT_OBJC_MSGSEND = YES;
				GCC_C_LANGUAGE_STANDARD = gnu99;
				GCC_NO_COMMON_BLOCKS = YES;
				GCC_WARN_64_TO_32_BIT_CONVERSION = YES;
				GCC_WARN_ABOUT_RETURN_TYPE = YES_ERROR;
				GCC_WARN_UNDECLARED_SELECTOR = YES;
				GCC_WARN_UNINITIALIZED_AUTOS = YES_AGGRESSIVE;
				GCC_WARN_UNUSED_FUNCTION = YES;
				GCC_WARN_UNUSED_VARIABLE = YES;
				IPHONEOS_DEPLOYMENT_TARGET = 10.3;
				MTL_ENABLE_DEBUG_INFO = NO;
				SDKROOT = iphoneos;
				SWIFT_OPTIMIZATION_LEVEL = "-Owholemodule";
				TARGETED_DEVICE_FAMILY = "1,2";
				VALIDATE_PRODUCT = YES;
				VERSIONING_SYSTEM = "apple-generic";
				VERSION_INFO_PREFIX = "";
			};
			name = Release;
		};
		CEF534E21EB0C182001E3CA8 /* Debug */ = {
			isa = XCBuildConfiguration;
			buildSettings = {
				APPLICATION_EXTENSION_API_ONLY = YES;
				CLANG_ENABLE_MODULES = YES;
				CODE_SIGN_IDENTITY = "";
				DEFINES_MODULE = YES;
				DEVELOPMENT_TEAM = 7H6SM4X3H7;
				DYLIB_COMPATIBILITY_VERSION = 1;
				DYLIB_CURRENT_VERSION = 1;
				DYLIB_INSTALL_NAME_BASE = "@rpath";
				INFOPLIST_FILE = ViewComponents/Info.plist;
				INSTALL_PATH = "$(LOCAL_LIBRARY_DIR)/Frameworks";
				IPHONEOS_DEPLOYMENT_TARGET = 9.0;
				LD_RUNPATH_SEARCH_PATHS = "$(inherited) @executable_path/Frameworks @loader_path/Frameworks";
				PRODUCT_BUNDLE_IDENTIFIER = com.wearereasonablepeople.ViewComponents;
				PRODUCT_NAME = "$(TARGET_NAME)";
				SKIP_INSTALL = YES;
				SWIFT_OPTIMIZATION_LEVEL = "-Onone";
				SWIFT_SWIFT3_OBJC_INFERENCE = On;
				SWIFT_VERSION = 4.0;
			};
			name = Debug;
		};
		CEF534E31EB0C182001E3CA8 /* Release */ = {
			isa = XCBuildConfiguration;
			buildSettings = {
				APPLICATION_EXTENSION_API_ONLY = YES;
				CLANG_ENABLE_MODULES = YES;
				CODE_SIGN_IDENTITY = "";
				DEFINES_MODULE = YES;
				DEVELOPMENT_TEAM = 7H6SM4X3H7;
				DYLIB_COMPATIBILITY_VERSION = 1;
				DYLIB_CURRENT_VERSION = 1;
				DYLIB_INSTALL_NAME_BASE = "@rpath";
				INFOPLIST_FILE = ViewComponents/Info.plist;
				INSTALL_PATH = "$(LOCAL_LIBRARY_DIR)/Frameworks";
				IPHONEOS_DEPLOYMENT_TARGET = 9.0;
				LD_RUNPATH_SEARCH_PATHS = "$(inherited) @executable_path/Frameworks @loader_path/Frameworks";
				PRODUCT_BUNDLE_IDENTIFIER = com.wearereasonablepeople.ViewComponents;
				PRODUCT_NAME = "$(TARGET_NAME)";
				SKIP_INSTALL = YES;
				SWIFT_SWIFT3_OBJC_INFERENCE = On;
				SWIFT_VERSION = 4.0;
			};
			name = Release;
		};
		CEF534E51EB0C182001E3CA8 /* Debug */ = {
			isa = XCBuildConfiguration;
			buildSettings = {
				ALWAYS_EMBED_SWIFT_STANDARD_LIBRARIES = YES;
				DEVELOPMENT_TEAM = 7H6SM4X3H7;
				INFOPLIST_FILE = ViewComponentsTests/Info.plist;
				LD_RUNPATH_SEARCH_PATHS = "$(inherited) @executable_path/Frameworks @loader_path/Frameworks";
				PRODUCT_BUNDLE_IDENTIFIER = com.wearereasonablepeople.ViewComponentsTests;
				PRODUCT_NAME = "$(TARGET_NAME)";
				SWIFT_SWIFT3_OBJC_INFERENCE = On;
				SWIFT_VERSION = 4.0;
			};
			name = Debug;
		};
		CEF534E61EB0C182001E3CA8 /* Release */ = {
			isa = XCBuildConfiguration;
			buildSettings = {
				ALWAYS_EMBED_SWIFT_STANDARD_LIBRARIES = YES;
				DEVELOPMENT_TEAM = 7H6SM4X3H7;
				INFOPLIST_FILE = ViewComponentsTests/Info.plist;
				LD_RUNPATH_SEARCH_PATHS = "$(inherited) @executable_path/Frameworks @loader_path/Frameworks";
				PRODUCT_BUNDLE_IDENTIFIER = com.wearereasonablepeople.ViewComponentsTests;
				PRODUCT_NAME = "$(TARGET_NAME)";
				SWIFT_SWIFT3_OBJC_INFERENCE = On;
				SWIFT_VERSION = 4.0;
			};
			name = Release;
		};
/* End XCBuildConfiguration section */

/* Begin XCConfigurationList section */
		CEF534C71EB0C182001E3CA8 /* Build configuration list for PBXProject "ViewComponents" */ = {
			isa = XCConfigurationList;
			buildConfigurations = (
				CEF534DF1EB0C182001E3CA8 /* Debug */,
				CEF534E01EB0C182001E3CA8 /* Release */,
			);
			defaultConfigurationIsVisible = 0;
			defaultConfigurationName = Release;
		};
		CEF534E11EB0C182001E3CA8 /* Build configuration list for PBXNativeTarget "ViewComponents" */ = {
			isa = XCConfigurationList;
			buildConfigurations = (
				CEF534E21EB0C182001E3CA8 /* Debug */,
				CEF534E31EB0C182001E3CA8 /* Release */,
			);
			defaultConfigurationIsVisible = 0;
			defaultConfigurationName = Release;
		};
		CEF534E41EB0C182001E3CA8 /* Build configuration list for PBXNativeTarget "ViewComponentsTests" */ = {
			isa = XCConfigurationList;
			buildConfigurations = (
				CEF534E51EB0C182001E3CA8 /* Debug */,
				CEF534E61EB0C182001E3CA8 /* Release */,
			);
			defaultConfigurationIsVisible = 0;
			defaultConfigurationName = Release;
		};
/* End XCConfigurationList section */
	};
	rootObject = CEF534C41EB0C182001E3CA8 /* Project object */;
}
